
Microsoft Visual Studio Solution File, Format Version 12.00
# Visual Studio Version 16
VisualStudioVersion = 16.0.29409.12
MinimumVisualStudioVersion = 10.0.40219.1
Project("{9A19103F-16F7-4668-BE54-9A1E7A4F7556}") = "Functional", "Functional\Functional.csproj", "{EF6802CC-C405-4357-B05A-4F9982ABCA8A}"
EndProject
Global
	GlobalSection(SolutionConfigurationPlatforms) = preSolution
		Debug|Any CPU = Debug|Any CPU
		Release|Any CPU = Release|Any CPU
	EndGlobalSection
	GlobalSection(ProjectConfigurationPlatforms) = postSolution
		{EF6802CC-C405-4357-B05A-4F9982ABCA8A}.Debug|Any CPU.ActiveCfg = Debug|Any CPU
		{EF6802CC-C405-4357-B05A-4F9982ABCA8A}.Debug|Any CPU.Build.0 = Debug|Any CPU
		{EF6802CC-C405-4357-B05A-4F9982ABCA8A}.Release|Any CPU.ActiveCfg = Release|Any CPU
		{EF6802CC-C405-4357-B05A-4F9982ABCA8A}.Release|Any CPU.Build.0 = Release|Any CPU
	EndGlobalSection
	GlobalSection(SolutionProperties) = preSolution
		HideSolutionNode = FALSE
	EndGlobalSection
	GlobalSection(ExtensibilityGlobals) = postSolution
		SolutionGuid = {BECFD09E-4061-4C65-AE42-3952A6F1C79C}
	EndGlobalSection
EndGlobal
